// !$*UTF8*$!
{
	archiveVersion = 1;
	classes = {
	};
	objectVersion = 55;
	objects = {

/* Begin PBXBuildFile section */
		210E4FAD2899B8F400EDD532 /* AppDelegate.swift in Sources */ = {isa = PBXBuildFile; fileRef = 210E4FAC2899B8F400EDD532 /* AppDelegate.swift */; };
		210E4FAF2899B8F400EDD532 /* SceneDelegate.swift in Sources */ = {isa = PBXBuildFile; fileRef = 210E4FAE2899B8F400EDD532 /* SceneDelegate.swift */; };
		210E4FB12899B8F400EDD532 /* ViewController.swift in Sources */ = {isa = PBXBuildFile; fileRef = 210E4FB02899B8F400EDD532 /* ViewController.swift */; };
		210E4FB42899B8F400EDD532 /* Main.storyboard in Resources */ = {isa = PBXBuildFile; fileRef = 210E4FB22899B8F400EDD532 /* Main.storyboard */; };
		210E4FB62899B8F600EDD532 /* Assets.xcassets in Resources */ = {isa = PBXBuildFile; fileRef = 210E4FB52899B8F600EDD532 /* Assets.xcassets */; };
		210E4FB92899B8F600EDD532 /* LaunchScreen.storyboard in Resources */ = {isa = PBXBuildFile; fileRef = 210E4FB72899B8F600EDD532 /* LaunchScreen.storyboard */; };
		210E4FC42899B8F700EDD532 /* Rick_and_MortyTests.swift in Sources */ = {isa = PBXBuildFile; fileRef = 210E4FC32899B8F700EDD532 /* Rick_and_MortyTests.swift */; };
		210E4FCE2899B8F700EDD532 /* Rick_and_MortyUITests.swift in Sources */ = {isa = PBXBuildFile; fileRef = 210E4FCD2899B8F700EDD532 /* Rick_and_MortyUITests.swift */; };
		210E4FD02899B8F700EDD532 /* Rick_and_MortyUITestsLaunchTests.swift in Sources */ = {isa = PBXBuildFile; fileRef = 210E4FCF2899B8F700EDD532 /* Rick_and_MortyUITestsLaunchTests.swift */; };
		210E4FDD2899B98100EDD532 /* Model.swift in Sources */ = {isa = PBXBuildFile; fileRef = 210E4FDC2899B98100EDD532 /* Model.swift */; };
/* End PBXBuildFile section */

/* Begin PBXContainerItemProxy section */
		210E4FC02899B8F700EDD532 /* PBXContainerItemProxy */ = {
			isa = PBXContainerItemProxy;
			containerPortal = 210E4FA12899B8F400EDD532 /* Project object */;
			proxyType = 1;
			remoteGlobalIDString = 210E4FA82899B8F400EDD532;
			remoteInfo = "Rick and Morty";
		};
		210E4FCA2899B8F700EDD532 /* PBXContainerItemProxy */ = {
			isa = PBXContainerItemProxy;
			containerPortal = 210E4FA12899B8F400EDD532 /* Project object */;
			proxyType = 1;
			remoteGlobalIDString = 210E4FA82899B8F400EDD532;
			remoteInfo = "Rick and Morty";
		};
/* End PBXContainerItemProxy section */

/* Begin PBXFileReference section */
		210E4FA92899B8F400EDD532 /* Rick and Morty.app */ = {isa = PBXFileReference; explicitFileType = wrapper.application; includeInIndex = 0; path = "Rick and Morty.app"; sourceTree = BUILT_PRODUCTS_DIR; };
		210E4FAC2899B8F400EDD532 /* AppDelegate.swift */ = {isa = PBXFileReference; lastKnownFileType = sourcecode.swift; path = AppDelegate.swift; sourceTree = "<group>"; };
		210E4FAE2899B8F400EDD532 /* SceneDelegate.swift */ = {isa = PBXFileReference; lastKnownFileType = sourcecode.swift; path = SceneDelegate.swift; sourceTree = "<group>"; };
		210E4FB02899B8F400EDD532 /* ViewController.swift */ = {isa = PBXFileReference; lastKnownFileType = sourcecode.swift; path = ViewController.swift; sourceTree = "<group>"; };
		210E4FB32899B8F400EDD532 /* Base */ = {isa = PBXFileReference; lastKnownFileType = file.storyboard; name = Base; path = Base.lproj/Main.storyboard; sourceTree = "<group>"; };
		210E4FB52899B8F600EDD532 /* Assets.xcassets */ = {isa = PBXFileReference; lastKnownFileType = folder.assetcatalog; path = Assets.xcassets; sourceTree = "<group>"; };
		210E4FB82899B8F600EDD532 /* Base */ = {isa = PBXFileReference; lastKnownFileType = file.storyboard; name = Base; path = Base.lproj/LaunchScreen.storyboard; sourceTree = "<group>"; };
		210E4FBA2899B8F600EDD532 /* Info.plist */ = {isa = PBXFileReference; lastKnownFileType = text.plist.xml; path = Info.plist; sourceTree = "<group>"; };
		210E4FBF2899B8F700EDD532 /* Rick and MortyTests.xctest */ = {isa = PBXFileReference; explicitFileType = wrapper.cfbundle; includeInIndex = 0; path = "Rick and MortyTests.xctest"; sourceTree = BUILT_PRODUCTS_DIR; };
		210E4FC32899B8F700EDD532 /* Rick_and_MortyTests.swift */ = {isa = PBXFileReference; lastKnownFileType = sourcecode.swift; path = Rick_and_MortyTests.swift; sourceTree = "<group>"; };
		210E4FC92899B8F700EDD532 /* Rick and MortyUITests.xctest */ = {isa = PBXFileReference; explicitFileType = wrapper.cfbundle; includeInIndex = 0; path = "Rick and MortyUITests.xctest"; sourceTree = BUILT_PRODUCTS_DIR; };
		210E4FCD2899B8F700EDD532 /* Rick_and_MortyUITests.swift */ = {isa = PBXFileReference; lastKnownFileType = sourcecode.swift; path = Rick_and_MortyUITests.swift; sourceTree = "<group>"; };
		210E4FCF2899B8F700EDD532 /* Rick_and_MortyUITestsLaunchTests.swift */ = {isa = PBXFileReference; lastKnownFileType = sourcecode.swift; path = Rick_and_MortyUITestsLaunchTests.swift; sourceTree = "<group>"; };
		210E4FDC2899B98100EDD532 /* Model.swift */ = {isa = PBXFileReference; lastKnownFileType = sourcecode.swift; path = Model.swift; sourceTree = "<group>"; };
/* End PBXFileReference section */

/* Begin PBXFrameworksBuildPhase section */
		210E4FA62899B8F400EDD532 /* Frameworks */ = {
			isa = PBXFrameworksBuildPhase;
			buildActionMask = 2147483647;
			files = (
			);
			runOnlyForDeploymentPostprocessing = 0;
		};
		210E4FBC2899B8F700EDD532 /* Frameworks */ = {
			isa = PBXFrameworksBuildPhase;
			buildActionMask = 2147483647;
			files = (
			);
			runOnlyForDeploymentPostprocessing = 0;
		};
		210E4FC62899B8F700EDD532 /* Frameworks */ = {
			isa = PBXFrameworksBuildPhase;
			buildActionMask = 2147483647;
			files = (
			);
			runOnlyForDeploymentPostprocessing = 0;
		};
/* End PBXFrameworksBuildPhase section */

/* Begin PBXGroup section */
		210E4FA02899B8F400EDD532 = {
			isa = PBXGroup;
			children = (
				210E4FAB2899B8F400EDD532 /* Rick and Morty */,
				210E4FC22899B8F700EDD532 /* Rick and MortyTests */,
				210E4FCC2899B8F700EDD532 /* Rick and MortyUITests */,
				210E4FAA2899B8F400EDD532 /* Products */,
			);
			sourceTree = "<group>";
		};
		210E4FAA2899B8F400EDD532 /* Products */ = {
			isa = PBXGroup;
			children = (
				210E4FA92899B8F400EDD532 /* Rick and Morty.app */,
				210E4FBF2899B8F700EDD532 /* Rick and MortyTests.xctest */,
				210E4FC92899B8F700EDD532 /* Rick and MortyUITests.xctest */,
			);
			name = Products;
			sourceTree = "<group>";
		};
		210E4FAB2899B8F400EDD532 /* Rick and Morty */ = {
			isa = PBXGroup;
			children = (
				210E4FAC2899B8F400EDD532 /* AppDelegate.swift */,
				210E4FAE2899B8F400EDD532 /* SceneDelegate.swift */,
				210E4FB02899B8F400EDD532 /* ViewController.swift */,
				210E4FDC2899B98100EDD532 /* Model.swift */,
				210E4FB22899B8F400EDD532 /* Main.storyboard */,
				210E4FB52899B8F600EDD532 /* Assets.xcassets */,
				210E4FB72899B8F600EDD532 /* LaunchScreen.storyboard */,
				210E4FBA2899B8F600EDD532 /* Info.plist */,
			);
			path = "Rick and Morty";
			sourceTree = "<group>";
		};
		210E4FC22899B8F700EDD532 /* Rick and MortyTests */ = {
			isa = PBXGroup;
			children = (
				210E4FC32899B8F700EDD532 /* Rick_and_MortyTests.swift */,
			);
			path = "Rick and MortyTests";
			sourceTree = "<group>";
		};
		210E4FCC2899B8F700EDD532 /* Rick and MortyUITests */ = {
			isa = PBXGroup;
			children = (
				210E4FCD2899B8F700EDD532 /* Rick_and_MortyUITests.swift */,
				210E4FCF2899B8F700EDD532 /* Rick_and_MortyUITestsLaunchTests.swift */,
			);
			path = "Rick and MortyUITests";
			sourceTree = "<group>";
		};
/* End PBXGroup section */

/* Begin PBXNativeTarget section */
		210E4FA82899B8F400EDD532 /* Rick and Morty */ = {
			isa = PBXNativeTarget;
			buildConfigurationList = 210E4FD32899B8F700EDD532 /* Build configuration list for PBXNativeTarget "Rick and Morty" */;
			buildPhases = (
				210E4FA52899B8F400EDD532 /* Sources */,
				210E4FA62899B8F400EDD532 /* Frameworks */,
				210E4FA72899B8F400EDD532 /* Resources */,
			);
			buildRules = (
			);
			dependencies = (
			);
			name = "Rick and Morty";
			productName = "Rick and Morty";
			productReference = 210E4FA92899B8F400EDD532 /* Rick and Morty.app */;
			productType = "com.apple.product-type.application";
		};
		210E4FBE2899B8F700EDD532 /* Rick and MortyTests */ = {
			isa = PBXNativeTarget;
			buildConfigurationList = 210E4FD62899B8F700EDD532 /* Build configuration list for PBXNativeTarget "Rick and MortyTests" */;
			buildPhases = (
				210E4FBB2899B8F700EDD532 /* Sources */,
				210E4FBC2899B8F700EDD532 /* Frameworks */,
				210E4FBD2899B8F700EDD532 /* Resources */,
			);
			buildRules = (
			);
			dependencies = (
				210E4FC12899B8F700EDD532 /* PBXTargetDependency */,
			);
			name = "Rick and MortyTests";
			productName = "Rick and MortyTests";
			productReference = 210E4FBF2899B8F700EDD532 /* Rick and MortyTests.xctest */;
			productType = "com.apple.product-type.bundle.unit-test";
		};
		210E4FC82899B8F700EDD532 /* Rick and MortyUITests */ = {
			isa = PBXNativeTarget;
			buildConfigurationList = 210E4FD92899B8F700EDD532 /* Build configuration list for PBXNativeTarget "Rick and MortyUITests" */;
			buildPhases = (
				210E4FC52899B8F700EDD532 /* Sources */,
				210E4FC62899B8F700EDD532 /* Frameworks */,
				210E4FC72899B8F700EDD532 /* Resources */,
			);
			buildRules = (
			);
			dependencies = (
				210E4FCB2899B8F700EDD532 /* PBXTargetDependency */,
			);
			name = "Rick and MortyUITests";
			productName = "Rick and MortyUITests";
			productReference = 210E4FC92899B8F700EDD532 /* Rick and MortyUITests.xctest */;
			productType = "com.apple.product-type.bundle.ui-testing";
		};
/* End PBXNativeTarget section */

/* Begin PBXProject section */
		210E4FA12899B8F400EDD532 /* Project object */ = {
			isa = PBXProject;
			attributes = {
				BuildIndependentTargetsInParallel = 1;
				LastSwiftUpdateCheck = 1340;
				LastUpgradeCheck = 1340;
				TargetAttributes = {
					210E4FA82899B8F400EDD532 = {
						CreatedOnToolsVersion = 13.4.1;
					};
					210E4FBE2899B8F700EDD532 = {
						CreatedOnToolsVersion = 13.4.1;
						TestTargetID = 210E4FA82899B8F400EDD532;
					};
					210E4FC82899B8F700EDD532 = {
						CreatedOnToolsVersion = 13.4.1;
						TestTargetID = 210E4FA82899B8F400EDD532;
					};
				};
			};
			buildConfigurationList = 210E4FA42899B8F400EDD532 /* Build configuration list for PBXProject "Rick and Morty" */;
			compatibilityVersion = "Xcode 13.0";
			developmentRegion = en;
			hasScannedForEncodings = 0;
			knownRegions = (
				en,
				Base,
			);
			mainGroup = 210E4FA02899B8F400EDD532;
			productRefGroup = 210E4FAA2899B8F400EDD532 /* Products */;
			projectDirPath = "";
			projectRoot = "";
			targets = (
				210E4FA82899B8F400EDD532 /* Rick and Morty */,
				210E4FBE2899B8F700EDD532 /* Rick and MortyTests */,
				210E4FC82899B8F700EDD532 /* Rick and MortyUITests */,
			);
		};
/* End PBXProject section */

/* Begin PBXResourcesBuildPhase section */
		210E4FA72899B8F400EDD532 /* Resources */ = {
			isa = PBXResourcesBuildPhase;
			buildActionMask = 2147483647;
			files = (
				210E4FB92899B8F600EDD532 /* LaunchScreen.storyboard in Resources */,
				210E4FB62899B8F600EDD532 /* Assets.xcassets in Resources */,
				210E4FB42899B8F400EDD532 /* Main.storyboard in Resources */,
			);
			runOnlyForDeploymentPostprocessing = 0;
		};
		210E4FBD2899B8F700EDD532 /* Resources */ = {
			isa = PBXResourcesBuildPhase;
			buildActionMask = 2147483647;
			files = (
			);
			runOnlyForDeploymentPostprocessing = 0;
		};
		210E4FC72899B8F700EDD532 /* Resources */ = {
			isa = PBXResourcesBuildPhase;
			buildActionMask = 2147483647;
			files = (
			);
			runOnlyForDeploymentPostprocessing = 0;
		};
/* End PBXResourcesBuildPhase section */

/* Begin PBXSourcesBuildPhase section */
		210E4FA52899B8F400EDD532 /* Sources */ = {
			isa = PBXSourcesBuildPhase;
			buildActionMask = 2147483647;
			files = (
				210E4FB12899B8F400EDD532 /* ViewController.swift in Sources */,
				210E4FAD2899B8F400EDD532 /* AppDelegate.swift in Sources */,
				210E4FAF2899B8F400EDD532 /* SceneDelegate.swift in Sources */,
				210E4FDD2899B98100EDD532 /* Model.swift in Sources */,
			);
			runOnlyForDeploymentPostprocessing = 0;
		};
		210E4FBB2899B8F700EDD532 /* Sources */ = {
			isa = PBXSourcesBuildPhase;
			buildActionMask = 2147483647;
			files = (
				210E4FC42899B8F700EDD532 /* Rick_and_MortyTests.swift in Sources */,
			);
			runOnlyForDeploymentPostprocessing = 0;
		};
		210E4FC52899B8F700EDD532 /* Sources */ = {
			isa = PBXSourcesBuildPhase;
			buildActionMask = 2147483647;
			files = (
				210E4FCE2899B8F700EDD532 /* Rick_and_MortyUITests.swift in Sources */,
				210E4FD02899B8F700EDD532 /* Rick_and_MortyUITestsLaunchTests.swift in Sources */,
			);
			runOnlyForDeploymentPostprocessing = 0;
		};
/* End PBXSourcesBuildPhase section */

/* Begin PBXTargetDependency section */
		210E4FC12899B8F700EDD532 /* PBXTargetDependency */ = {
			isa = PBXTargetDependency;
			target = 210E4FA82899B8F400EDD532 /* Rick and Morty */;
			targetProxy = 210E4FC02899B8F700EDD532 /* PBXContainerItemProxy */;
		};
		210E4FCB2899B8F700EDD532 /* PBXTargetDependency */ = {
			isa = PBXTargetDependency;
			target = 210E4FA82899B8F400EDD532 /* Rick and Morty */;
			targetProxy = 210E4FCA2899B8F700EDD532 /* PBXContainerItemProxy */;
		};
/* End PBXTargetDependency section */

/* Begin PBXVariantGroup section */
		210E4FB22899B8F400EDD532 /* Main.storyboard */ = {
			isa = PBXVariantGroup;
			children = (
				210E4FB32899B8F400EDD532 /* Base */,
			);
			name = Main.storyboard;
			sourceTree = "<group>";
		};
		210E4FB72899B8F600EDD532 /* LaunchScreen.storyboard */ = {
			isa = PBXVariantGroup;
			children = (
				210E4FB82899B8F600EDD532 /* Base */,
			);
			name = LaunchScreen.storyboard;
			sourceTree = "<group>";
		};
/* End PBXVariantGroup section */

/* Begin XCBuildConfiguration section */
		210E4FD12899B8F700EDD532 /* Debug */ = {
			isa = XCBuildConfiguration;
			buildSettings = {
				ALWAYS_SEARCH_USER_PATHS = NO;
				CLANG_ANALYZER_NONNULL = YES;
				CLANG_ANALYZER_NUMBER_OBJECT_CONVERSION = YES_AGGRESSIVE;
				CLANG_CXX_LANGUAGE_STANDARD = "gnu++17";
				CLANG_ENABLE_MODULES = YES;
				CLANG_ENABLE_OBJC_ARC = YES;
				CLANG_ENABLE_OBJC_WEAK = YES;
				CLANG_WARN_BLOCK_CAPTURE_AUTORELEASING = YES;
				CLANG_WARN_BOOL_CONVERSION = YES;
				CLANG_WARN_COMMA = YES;
				CLANG_WARN_CONSTANT_CONVERSION = YES;
				CLANG_WARN_DEPRECATED_OBJC_IMPLEMENTATIONS = YES;
				CLANG_WARN_DIRECT_OBJC_ISA_USAGE = YES_ERROR;
				CLANG_WARN_DOCUMENTATION_COMMENTS = YES;
				CLANG_WARN_EMPTY_BODY = YES;
				CLANG_WARN_ENUM_CONVERSION = YES;
				CLANG_WARN_INFINITE_RECURSION = YES;
				CLANG_WARN_INT_CONVERSION = YES;
				CLANG_WARN_NON_LITERAL_NULL_CONVERSION = YES;
				CLANG_WARN_OBJC_IMPLICIT_RETAIN_SELF = YES;
				CLANG_WARN_OBJC_LITERAL_CONVERSION = YES;
				CLANG_WARN_OBJC_ROOT_CLASS = YES_ERROR;
				CLANG_WARN_QUOTED_INCLUDE_IN_FRAMEWORK_HEADER = YES;
				CLANG_WARN_RANGE_LOOP_ANALYSIS = YES;
				CLANG_WARN_STRICT_PROTOTYPES = YES;
				CLANG_WARN_SUSPICIOUS_MOVE = YES;
				CLANG_WARN_UNGUARDED_AVAILABILITY = YES_AGGRESSIVE;
				CLANG_WARN_UNREACHABLE_CODE = YES;
				CLANG_WARN__DUPLICATE_METHOD_MATCH = YES;
				COPY_PHASE_STRIP = NO;
				DEBUG_INFORMATION_FORMAT = dwarf;
				ENABLE_STRICT_OBJC_MSGSEND = YES;
				ENABLE_TESTABILITY = YES;
				GCC_C_LANGUAGE_STANDARD = gnu11;
				GCC_DYNAMIC_NO_PIC = NO;
				GCC_NO_COMMON_BLOCKS = YES;
				GCC_OPTIMIZATION_LEVEL = 0;
				GCC_PREPROCESSOR_DEFINITIONS = (
					"DEBUG=1",
					"$(inherited)",
				);
				GCC_WARN_64_TO_32_BIT_CONVERSION = YES;
				GCC_WARN_ABOUT_RETURN_TYPE = YES_ERROR;
				GCC_WARN_UNDECLARED_SELECTOR = YES;
				GCC_WARN_UNINITIALIZED_AUTOS = YES_AGGRESSIVE;
				GCC_WARN_UNUSED_FUNCTION = YES;
				GCC_WARN_UNUSED_VARIABLE = YES;
				IPHONEOS_DEPLOYMENT_TARGET = 15.5;
				MTL_ENABLE_DEBUG_INFO = INCLUDE_SOURCE;
				MTL_FAST_MATH = YES;
				ONLY_ACTIVE_ARCH = YES;
				SDKROOT = iphoneos;
				SWIFT_ACTIVE_COMPILATION_CONDITIONS = DEBUG;
				SWIFT_OPTIMIZATION_LEVEL = "-Onone";
			};
			name = Debug;
		};
		210E4FD22899B8F700EDD532 /* Release */ = {
			isa = XCBuildConfiguration;
			buildSettings = {
				ALWAYS_SEARCH_USER_PATHS = NO;
				CLANG_ANALYZER_NONNULL = YES;
				CLANG_ANALYZER_NUMBER_OBJECT_CONVERSION = YES_AGGRESSIVE;
				CLANG_CXX_LANGUAGE_STANDARD = "gnu++17";
				CLANG_ENABLE_MODULES = YES;
				CLANG_ENABLE_OBJC_ARC = YES;
				CLANG_ENABLE_OBJC_WEAK = YES;
				CLANG_WARN_BLOCK_CAPTURE_AUTORELEASING = YES;
				CLANG_WARN_BOOL_CONVERSION = YES;
				CLANG_WARN_COMMA = YES;
				CLANG_WARN_CONSTANT_CONVERSION = YES;
				CLANG_WARN_DEPRECATED_OBJC_IMPLEMENTATIONS = YES;
				CLANG_WARN_DIRECT_OBJC_ISA_USAGE = YES_ERROR;
				CLANG_WARN_DOCUMENTATION_COMMENTS = YES;
				CLANG_WARN_EMPTY_BODY = YES;
				CLANG_WARN_ENUM_CONVERSION = YES;
				CLANG_WARN_INFINITE_RECURSION = YES;
				CLANG_WARN_INT_CONVERSION = YES;
				CLANG_WARN_NON_LITERAL_NULL_CONVERSION = YES;
				CLANG_WARN_OBJC_IMPLICIT_RETAIN_SELF = YES;
				CLANG_WARN_OBJC_LITERAL_CONVERSION = YES;
				CLANG_WARN_OBJC_ROOT_CLASS = YES_ERROR;
				CLANG_WARN_QUOTED_INCLUDE_IN_FRAMEWORK_HEADER = YES;
				CLANG_WARN_RANGE_LOOP_ANALYSIS = YES;
				CLANG_WARN_STRICT_PROTOTYPES = YES;
				CLANG_WARN_SUSPICIOUS_MOVE = YES;
				CLANG_WARN_UNGUARDED_AVAILABILITY = YES_AGGRESSIVE;
				CLANG_WARN_UNREACHABLE_CODE = YES;
				CLANG_WARN__DUPLICATE_METHOD_MATCH = YES;
				COPY_PHASE_STRIP = NO;
				DEBUG_INFORMATION_FORMAT = "dwarf-with-dsym";
				ENABLE_NS_ASSERTIONS = NO;
				ENABLE_STRICT_OBJC_MSGSEND = YES;
				GCC_C_LANGUAGE_STANDARD = gnu11;
				GCC_NO_COMMON_BLOCKS = YES;
				GCC_WARN_64_TO_32_BIT_CONVERSION = YES;
				GCC_WARN_ABOUT_RETURN_TYPE = YES_ERROR;
				GCC_WARN_UNDECLARED_SELECTOR = YES;
				GCC_WARN_UNINITIALIZED_AUTOS = YES_AGGRESSIVE;
				GCC_WARN_UNUSED_FUNCTION = YES;
				GCC_WARN_UNUSED_VARIABLE = YES;
				IPHONEOS_DEPLOYMENT_TARGET = 15.5;
				MTL_ENABLE_DEBUG_INFO = NO;
				MTL_FAST_MATH = YES;
				SDKROOT = iphoneos;
				SWIFT_COMPILATION_MODE = wholemodule;
				SWIFT_OPTIMIZATION_LEVEL = "-O";
				VALIDATE_PRODUCT = YES;
			};
			name = Release;
		};
		210E4FD42899B8F700EDD532 /* Debug */ = {
			isa = XCBuildConfiguration;
			buildSettings = {
				ASSETCATALOG_COMPILER_APPICON_NAME = AppIcon;
				ASSETCATALOG_COMPILER_GLOBAL_ACCENT_COLOR_NAME = AccentColor;
				CODE_SIGN_STYLE = Automatic;
				CURRENT_PROJECT_VERSION = 1;
				DEVELOPMENT_TEAM = 7PWK7SKWKH;
				GENERATE_INFOPLIST_FILE = YES;
				INFOPLIST_FILE = "Rick and Morty/Info.plist";
				INFOPLIST_KEY_UIApplicationSupportsIndirectInputEvents = YES;
				INFOPLIST_KEY_UILaunchStoryboardName = LaunchScreen;
				INFOPLIST_KEY_UIMainStoryboardFile = Main;
				INFOPLIST_KEY_UISupportedInterfaceOrientations_iPad = "UIInterfaceOrientationPortrait UIInterfaceOrientationPortraitUpsideDown UIInterfaceOrientationLandscapeLeft UIInterfaceOrientationLandscapeRight";
				INFOPLIST_KEY_UISupportedInterfaceOrientations_iPhone = "UIInterfaceOrientationPortrait UIInterfaceOrientationLandscapeLeft UIInterfaceOrientationLandscapeRight";
				LD_RUNPATH_SEARCH_PATHS = (
					"$(inherited)",
					"@executable_path/Frameworks",
				);
				MARKETING_VERSION = 1.0;
				PRODUCT_BUNDLE_IDENTIFIER = "com.billvivino.Rick-and-Morty";
				PRODUCT_NAME = "$(TARGET_NAME)";
				SWIFT_EMIT_LOC_STRINGS = YES;
				SWIFT_VERSION = 5.0;
				TARGETED_DEVICE_FAMILY = "1,2";
			};
			name = Debug;
		};
		210E4FD52899B8F700EDD532 /* Release */ = {
			isa = XCBuildConfiguration;
			buildSettings = {
				ASSETCATALOG_COMPILER_APPICON_NAME = AppIcon;
				ASSETCATALOG_COMPILER_GLOBAL_ACCENT_COLOR_NAME = AccentColor;
				CODE_SIGN_STYLE = Automatic;
				CURRENT_PROJECT_VERSION = 1;
				DEVELOPMENT_TEAM = 7PWK7SKWKH;
				GENERATE_INFOPLIST_FILE = YES;
				INFOPLIST_FILE = "Rick and Morty/Info.plist";
				INFOPLIST_KEY_UIApplicationSupportsIndirectInputEvents = YES;
				INFOPLIST_KEY_UILaunchStoryboardName = LaunchScreen;
				INFOPLIST_KEY_UIMainStoryboardFile = Main;
				INFOPLIST_KEY_UISupportedInterfaceOrientations_iPad = "UIInterfaceOrientationPortrait UIInterfaceOrientationPortraitUpsideDown UIInterfaceOrientationLandscapeLeft UIInterfaceOrientationLandscapeRight";
				INFOPLIST_KEY_UISupportedInterfaceOrientations_iPhone = "UIInterfaceOrientationPortrait UIInterfaceOrientationLandscapeLeft UIInterfaceOrientationLandscapeRight";
				LD_RUNPATH_SEARCH_PATHS = (
					"$(inherited)",
					"@executable_path/Frameworks",
				);
				MARKETING_VERSION = 1.0;
				PRODUCT_BUNDLE_IDENTIFIER = "com.billvivino.Rick-and-Morty";
				PRODUCT_NAME = "$(TARGET_NAME)";
				SWIFT_EMIT_LOC_STRINGS = YES;
				SWIFT_VERSION = 5.0;
				TARGETED_DEVICE_FAMILY = "1,2";
			};
			name = Release;
		};
		210E4FD72899B8F700EDD532 /* Debug */ = {
			isa = XCBuildConfiguration;
			buildSettings = {
				ALWAYS_EMBED_SWIFT_STANDARD_LIBRARIES = YES;
				BUNDLE_LOADER = "$(TEST_HOST)";
				CODE_SIGN_STYLE = Automatic;
				CURRENT_PROJECT_VERSION = 1;
				DEVELOPMENT_TEAM = 7PWK7SKWKH;
				GENERATE_INFOPLIST_FILE = YES;
				IPHONEOS_DEPLOYMENT_TARGET = 15.5;
				MARKETING_VERSION = 1.0;
				PRODUCT_BUNDLE_IDENTIFIER = "com.billvivino.Rick-and-MortyTests";
				PRODUCT_NAME = "$(TARGET_NAME)";
				SWIFT_EMIT_LOC_STRINGS = NO;
				SWIFT_VERSION = 5.0;
				TARGETED_DEVICE_FAMILY = "1,2";
				TEST_HOST = "$(BUILT_PRODUCTS_DIR)/Rick and Morty.app/Rick and Morty";
			};
			name = Debug;
		};
		210E4FD82899B8F700EDD532 /* Release */ = {
			isa = XCBuildConfiguration;
			buildSettings = {
				ALWAYS_EMBED_SWIFT_STANDARD_LIBRARIES = YES;
				BUNDLE_LOADER = "$(TEST_HOST)";
				CODE_SIGN_STYLE = Automatic;
				CURRENT_PROJECT_VERSION = 1;
				DEVELOPMENT_TEAM = 7PWK7SKWKH;
				GENERATE_INFOPLIST_FILE = YES;
				IPHONEOS_DEPLOYMENT_TARGET = 15.5;
				MARKETING_VERSION = 1.0;
				PRODUCT_BUNDLE_IDENTIFIER = "com.billvivino.Rick-and-MortyTests";
				PRODUCT_NAME = "$(TARGET_NAME)";
				SWIFT_EMIT_LOC_STRINGS = NO;
				SWIFT_VERSION = 5.0;
				TARGETED_DEVICE_FAMILY = "1,2";
				TEST_HOST = "$(BUILT_PRODUCTS_DIR)/Rick and Morty.app/Rick and Morty";
			};
			name = Release;
		};
		210E4FDA2899B8F700EDD532 /* Debug */ = {
			isa = XCBuildConfiguration;
			buildSettings = {
				ALWAYS_EMBED_SWIFT_STANDARD_LIBRARIES = YES;
				CODE_SIGN_STYLE = Automatic;
				CURRENT_PROJECT_VERSION = 1;
				DEVELOPMENT_TEAM = 7PWK7SKWKH;
				GENERATE_INFOPLIST_FILE = YES;
				MARKETING_VERSION = 1.0;
				PRODUCT_BUNDLE_IDENTIFIER = "com.billvivino.Rick-and-MortyUITests";
				PRODUCT_NAME = "$(TARGET_NAME)";
				SWIFT_EMIT_LOC_STRINGS = NO;
				SWIFT_VERSION = 5.0;
				TARGETED_DEVICE_FAMILY = "1,2";
				TEST_TARGET_NAME = "Rick and Morty";
			};
			name = Debug;
		};
		210E4FDB2899B8F700EDD532 /* Release */ = {
			isa = XCBuildConfiguration;
			buildSettings = {
				ALWAYS_EMBED_SWIFT_STANDARD_LIBRARIES = YES;
				CODE_SIGN_STYLE = Automatic;
				CURRENT_PROJECT_VERSION = 1;
				DEVELOPMENT_TEAM = 7PWK7SKWKH;
				GENERATE_INFOPLIST_FILE = YES;
				MARKETING_VERSION = 1.0;
				PRODUCT_BUNDLE_IDENTIFIER = "com.billvivino.Rick-and-MortyUITests";
				PRODUCT_NAME = "$(TARGET_NAME)";
				SWIFT_EMIT_LOC_STRINGS = NO;
				SWIFT_VERSION = 5.0;
				TARGETED_DEVICE_FAMILY = "1,2";
				TEST_TARGET_NAME = "Rick and Morty";
			};
			name = Release;
		};
/* End XCBuildConfiguration section */

/* Begin XCConfigurationList section */
		210E4FA42899B8F400EDD532 /* Build configuration list for PBXProject "Rick and Morty" */ = {
			isa = XCConfigurationList;
			buildConfigurations = (
				210E4FD12899B8F700EDD532 /* Debug */,
				210E4FD22899B8F700EDD532 /* Release */,
			);
			defaultConfigurationIsVisible = 0;
			defaultConfigurationName = Release;
		};
		210E4FD32899B8F700EDD532 /* Build configuration list for PBXNativeTarget "Rick and Morty" */ = {
			isa = XCConfigurationList;
			buildConfigurations = (
				210E4FD42899B8F700EDD532 /* Debug */,
				210E4FD52899B8F700EDD532 /* Release */,
			);
			defaultConfigurationIsVisible = 0;
			defaultConfigurationName = Release;
		};
		210E4FD62899B8F700EDD532 /* Build configuration list for PBXNativeTarget "Rick and MortyTests" */ = {
			isa = XCConfigurationList;
			buildConfigurations = (
				210E4FD72899B8F700EDD532 /* Debug */,
				210E4FD82899B8F700EDD532 /* Release */,
			);
			defaultConfigurationIsVisible = 0;
			defaultConfigurationName = Release;
		};
		210E4FD92899B8F700EDD532 /* Build configuration list for PBXNativeTarget "Rick and MortyUITests" */ = {
			isa = XCConfigurationList;
			buildConfigurations = (
				210E4FDA2899B8F700EDD532 /* Debug */,
				210E4FDB2899B8F700EDD532 /* Release */,
			);
			defaultConfigurationIsVisible = 0;
			defaultConfigurationName = Release;
		};
/* End XCConfigurationList section */
	};
	rootObject = 210E4FA12899B8F400EDD532 /* Project object */;
}
